
Microsoft Visual Studio Solution File, Format Version 12.00
# Visual Studio Version 16
VisualStudioVersion = 16.0.30517.126
MinimumVisualStudioVersion = 10.0.40219.1
Project("{FAE04EC0-301F-11D3-BF4B-00C04F79EFBC}") = "PNCDemo", "PNCDemo\PNCDemo.csproj", "{0DAD682C-269B-4CA4-90DA-952F12277580}"
EndProject
Global
	GlobalSection(SolutionConfigurationPlatforms) = preSolution
		Debug|Any CPU = Debug|Any CPU
		Release|Any CPU = Release|Any CPU
	EndGlobalSection
	GlobalSection(ProjectConfigurationPlatforms) = postSolution
		{0DAD682C-269B-4CA4-90DA-952F12277580}.Debug|Any CPU.ActiveCfg = Debug|Any CPU
		{0DAD682C-269B-4CA4-90DA-952F12277580}.Debug|Any CPU.Build.0 = Debug|Any CPU
		{0DAD682C-269B-4CA4-90DA-952F12277580}.Release|Any CPU.ActiveCfg = Release|Any CPU
		{0DAD682C-269B-4CA4-90DA-952F12277580}.Release|Any CPU.Build.0 = Release|Any CPU
	EndGlobalSection
	GlobalSection(SolutionProperties) = preSolution
		HideSolutionNode = FALSE
	EndGlobalSection
	GlobalSection(ExtensibilityGlobals) = postSolution
		SolutionGuid = {4497CC86-62D7-431A-948D-7AE53C400A48}
	EndGlobalSection
EndGlobal
